
Microsoft Visual Studio Solution File, Format Version 12.00
# Visual Studio Version 17
VisualStudioVersion = 17.7.33927.210
MinimumVisualStudioVersion = 10.0.40219.1
Project("{FAE04EC0-301F-11D3-BF4B-00C04F79EFBC}") = "RealEstate_Dapper_Api", "RealEstate_Dapper_Api\RealEstate_Dapper_Api.csproj", "{BC3F610E-7833-44DD-A8AA-E6B4B9A2280C}"
EndProject
Project("{FAE04EC0-301F-11D3-BF4B-00C04F79EFBC}") = "RealEstate_Dapper_UI", "RealEstate_Dapper_UI\RealEstate_Dapper_UI.csproj", "{60347A52-FBFE-46A9-AF37-87EA0C12C64C}"
EndProject
Global
	GlobalSection(SolutionConfigurationPlatforms) = preSolution
		Debug|Any CPU = Debug|Any CPU
		Release|Any CPU = Release|Any CPU
	EndGlobalSection
	GlobalSection(ProjectConfigurationPlatforms) = postSolution
		{BC3F610E-7833-44DD-A8AA-E6B4B9A2280C}.Debug|Any CPU.ActiveCfg = Debug|Any CPU
		{BC3F610E-7833-44DD-A8AA-E6B4B9A2280C}.Debug|Any CPU.Build.0 = Debug|Any CPU
		{BC3F610E-7833-44DD-A8AA-E6B4B9A2280C}.Release|Any CPU.ActiveCfg = Release|Any CPU
		{BC3F610E-7833-44DD-A8AA-E6B4B9A2280C}.Release|Any CPU.Build.0 = Release|Any CPU
		{60347A52-FBFE-46A9-AF37-87EA0C12C64C}.Debug|Any CPU.ActiveCfg = Debug|Any CPU
		{60347A52-FBFE-46A9-AF37-87EA0C12C64C}.Debug|Any CPU.Build.0 = Debug|Any CPU
		{60347A52-FBFE-46A9-AF37-87EA0C12C64C}.Release|Any CPU.ActiveCfg = Release|Any CPU
		{60347A52-FBFE-46A9-AF37-87EA0C12C64C}.Release|Any CPU.Build.0 = Release|Any CPU
	EndGlobalSection
	GlobalSection(SolutionProperties) = preSolution
		HideSolutionNode = FALSE
	EndGlobalSection
	GlobalSection(ExtensibilityGlobals) = postSolution
		SolutionGuid = {25CB471B-DBDC-47A2-B07D-43B5D7C5083A}
	EndGlobalSection
EndGlobal
